
Microsoft Visual Studio Solution File, Format Version 12.00
# Visual Studio Version 16
VisualStudioVersion = 16.0.29806.167
MinimumVisualStudioVersion = 10.0.40219.1
Project("{8BC9CEB8-8B4A-11D0-8D11-00A0C91BC942}") = "binary_tree_traversing", "binary_tree_traversing\binary_tree_traversing.vcxproj", "{CCD32D4C-7C7C-4E46-890E-C9E08C4FAC9A}"
EndProject
Project("{8BC9CEB8-8B4A-11D0-8D11-00A0C91BC942}") = "binary_search_tree", "binary_search_tree\binary_search_tree.vcxproj", "{D029974B-0BA1-4942-8C6B-7F135B19B3FD}"
EndProject
Global
	GlobalSection(SolutionConfigurationPlatforms) = preSolution
		Debug|x64 = Debug|x64
		Debug|x86 = Debug|x86
		Release|x64 = Release|x64
		Release|x86 = Release|x86
	EndGlobalSection
	GlobalSection(ProjectConfigurationPlatforms) = postSolution
		{CCD32D4C-7C7C-4E46-890E-C9E08C4FAC9A}.Debug|x64.ActiveCfg = Debug|x64
		{CCD32D4C-7C7C-4E46-890E-C9E08C4FAC9A}.Debug|x64.Build.0 = Debug|x64
		{CCD32D4C-7C7C-4E46-890E-C9E08C4FAC9A}.Debug|x86.ActiveCfg = Debug|Win32
		{CCD32D4C-7C7C-4E46-890E-C9E08C4FAC9A}.Debug|x86.Build.0 = Debug|Win32
		{CCD32D4C-7C7C-4E46-890E-C9E08C4FAC9A}.Release|x64.ActiveCfg = Release|x64
		{CCD32D4C-7C7C-4E46-890E-C9E08C4FAC9A}.Release|x64.Build.0 = Release|x64
		{CCD32D4C-7C7C-4E46-890E-C9E08C4FAC9A}.Release|x86.ActiveCfg = Release|Win32
		{CCD32D4C-7C7C-4E46-890E-C9E08C4FAC9A}.Release|x86.Build.0 = Release|Win32
		{D029974B-0BA1-4942-8C6B-7F135B19B3FD}.Debug|x64.ActiveCfg = Debug|x64
		{D029974B-0BA1-4942-8C6B-7F135B19B3FD}.Debug|x64.Build.0 = Debug|x64
		{D029974B-0BA1-4942-8C6B-7F135B19B3FD}.Debug|x86.ActiveCfg = Debug|Win32
		{D029974B-0BA1-4942-8C6B-7F135B19B3FD}.Debug|x86.Build.0 = Debug|Win32
		{D029974B-0BA1-4942-8C6B-7F135B19B3FD}.Release|x64.ActiveCfg = Release|x64
		{D029974B-0BA1-4942-8C6B-7F135B19B3FD}.Release|x64.Build.0 = Release|x64
		{D029974B-0BA1-4942-8C6B-7F135B19B3FD}.Release|x86.ActiveCfg = Release|Win32
		{D029974B-0BA1-4942-8C6B-7F135B19B3FD}.Release|x86.Build.0 = Release|Win32
	EndGlobalSection
	GlobalSection(SolutionProperties) = preSolution
		HideSolutionNode = FALSE
	EndGlobalSection
	GlobalSection(ExtensibilityGlobals) = postSolution
		SolutionGuid = {D4B84F8A-4BCB-4BFB-9005-F4441F5AF985}
	EndGlobalSection
EndGlobal
